{
  "object": {
    "pins": [
      {
        "package": "swift-argument-parser",
        "repositoryURL": "https://github.com/apple/swift-argument-parser",
        "state": {
          "branch": null,
          "revision": "c5d11a805e765f52ba34ec7284bd4fcd6ba68615",
          "version": "1.7.0"
        }
      },
      {
        "package": "SwiftSyntax",
        "repositoryURL": "https://github.com/apple/swift-syntax",
        "state": {
          "branch": null,
          "revision": "2c49d66d34dfd6f8130afdba889de77504b58ec0",
          "version": "508.0.1"
        }
      }
    ]
  },
  "version": 1
}
